{
  "version": 4,
  "terraform_version": "1.11.4",
  "serial": 1,
  "lineage": "4ef7de80-5735-aeed-c479-5a00967fa2c8",
  "outputs": {},
  "resources": [
    {
      "mode": "managed",
      "type": "docker_image",
      "name": "nginx",
      "provider": "provider[\"registry.terraform.io/kreuzwerker/docker\"]",
      "instances": [
        {
          "schema_version": 0,
          "attributes": {
            "build": [],
            "force_remove": null,
            "id": "sha256:09369da6b10306312cd908661320086bf87fbae1b6b0c49a1f50ba531fef2eabnginx:latest",
            "image_id": "sha256:09369da6b10306312cd908661320086bf87fbae1b6b0c49a1f50ba531fef2eab",
            "keep_locally": false,
            "name": "nginx:latest",
            "platform": null,
            "pull_triggers": null,
            "repo_digest": "nginx@sha256:09369da6b10306312cd908661320086bf87fbae1b6b0c49a1f50ba531fef2eab",
            "triggers": null
          },
          "sensitive_attributes": [],
          "private": "bnVsbA=="
        }
      ]
    }
  ],
  "check_results": null
}
